
Microsoft Visual Studio Solution File, Format Version 12.00
# Visual Studio Version 16
VisualStudioVersion = 16.0.29806.167
MinimumVisualStudioVersion = 10.0.40219.1
Project("{FAE04EC0-301F-11D3-BF4B-00C04F79EFBC}") = "Test01", "Test01\Test01.csproj", "{F1BE091F-A01A-427B-A214-619CEAC1D6F9}"
EndProject
Global
	GlobalSection(SolutionConfigurationPlatforms) = preSolution
		Debug|Any CPU = Debug|Any CPU
		Release|Any CPU = Release|Any CPU
	EndGlobalSection
	GlobalSection(ProjectConfigurationPlatforms) = postSolution
		{F1BE091F-A01A-427B-A214-619CEAC1D6F9}.Debug|Any CPU.ActiveCfg = Debug|Any CPU
		{F1BE091F-A01A-427B-A214-619CEAC1D6F9}.Debug|Any CPU.Build.0 = Debug|Any CPU
		{F1BE091F-A01A-427B-A214-619CEAC1D6F9}.Release|Any CPU.ActiveCfg = Release|Any CPU
		{F1BE091F-A01A-427B-A214-619CEAC1D6F9}.Release|Any CPU.Build.0 = Release|Any CPU
	EndGlobalSection
	GlobalSection(SolutionProperties) = preSolution
		HideSolutionNode = FALSE
	EndGlobalSection
	GlobalSection(ExtensibilityGlobals) = postSolution
		SolutionGuid = {C0956F60-EDA4-48E2-9310-59C4E3138432}
	EndGlobalSection
EndGlobal
